
Microsoft Visual Studio Solution File, Format Version 12.00
# Visual Studio Version 16
VisualStudioVersion = 25.0.1706.13
MinimumVisualStudioVersion = 10.0.40219.1
Project("{FAE04EC0-301F-11D3-BF4B-00C04F79EFBC}") = "Stock", "Stock\Stock.csproj", "{5F2811E0-470B-4319-8A18-BFB666FDAF67}"
EndProject
Global
	GlobalSection(SolutionConfigurationPlatforms) = preSolution
		Debug|Any CPU = Debug|Any CPU
		Release|Any CPU = Release|Any CPU
	EndGlobalSection
	GlobalSection(ProjectConfigurationPlatforms) = postSolution
		{5F2811E0-470B-4319-8A18-BFB666FDAF67}.Debug|Any CPU.ActiveCfg = Debug|Any CPU
		{5F2811E0-470B-4319-8A18-BFB666FDAF67}.Debug|Any CPU.Build.0 = Debug|Any CPU
		{5F2811E0-470B-4319-8A18-BFB666FDAF67}.Release|Any CPU.ActiveCfg = Release|Any CPU
		{5F2811E0-470B-4319-8A18-BFB666FDAF67}.Release|Any CPU.Build.0 = Release|Any CPU
	EndGlobalSection
	GlobalSection(SolutionProperties) = preSolution
		HideSolutionNode = FALSE
	EndGlobalSection
	GlobalSection(ExtensibilityGlobals) = postSolution
		SolutionGuid = {B1FDDF80-0F77-4CFC-8F97-9FC47DF8F393}
	EndGlobalSection
EndGlobal
