
Microsoft Visual Studio Solution File, Format Version 12.00
# Visual Studio Version 16
VisualStudioVersion = 25.0.1706.13
MinimumVisualStudioVersion = 10.0.40219.1
Project("{FAE04EC0-301F-11D3-BF4B-00C04F79EFBC}") = "Company", "Company\Company.csproj", "{1B16352D-84ED-4F9C-9E20-AD17874BC03E}"
EndProject
Global
	GlobalSection(SolutionConfigurationPlatforms) = preSolution
		Debug|Any CPU = Debug|Any CPU
		Release|Any CPU = Release|Any CPU
	EndGlobalSection
	GlobalSection(ProjectConfigurationPlatforms) = postSolution
		{1B16352D-84ED-4F9C-9E20-AD17874BC03E}.Debug|Any CPU.ActiveCfg = Debug|Any CPU
		{1B16352D-84ED-4F9C-9E20-AD17874BC03E}.Debug|Any CPU.Build.0 = Debug|Any CPU
		{1B16352D-84ED-4F9C-9E20-AD17874BC03E}.Release|Any CPU.ActiveCfg = Release|Any CPU
		{1B16352D-84ED-4F9C-9E20-AD17874BC03E}.Release|Any CPU.Build.0 = Release|Any CPU
	EndGlobalSection
	GlobalSection(SolutionProperties) = preSolution
		HideSolutionNode = FALSE
	EndGlobalSection
	GlobalSection(ExtensibilityGlobals) = postSolution
		SolutionGuid = {BC6D1E5C-FED3-4AF3-AC1D-C4E5753D9B36}
	EndGlobalSection
EndGlobal
