
Microsoft Visual Studio Solution File, Format Version 12.00
# Visual Studio Version 16
VisualStudioVersion = 25.0.1706.13
MinimumVisualStudioVersion = 10.0.40219.1
Project("{FAE04EC0-301F-11D3-BF4B-00C04F79EFBC}") = "CarRental", "CarRental\CarRental.csproj", "{DDA92F8E-1D11-428B-A9AB-6771EE9FFC83}"
EndProject
Global
	GlobalSection(SolutionConfigurationPlatforms) = preSolution
		Debug|Any CPU = Debug|Any CPU
		Release|Any CPU = Release|Any CPU
	EndGlobalSection
	GlobalSection(ProjectConfigurationPlatforms) = postSolution
		{DDA92F8E-1D11-428B-A9AB-6771EE9FFC83}.Debug|Any CPU.ActiveCfg = Debug|Any CPU
		{DDA92F8E-1D11-428B-A9AB-6771EE9FFC83}.Debug|Any CPU.Build.0 = Debug|Any CPU
		{DDA92F8E-1D11-428B-A9AB-6771EE9FFC83}.Release|Any CPU.ActiveCfg = Release|Any CPU
		{DDA92F8E-1D11-428B-A9AB-6771EE9FFC83}.Release|Any CPU.Build.0 = Release|Any CPU
	EndGlobalSection
	GlobalSection(SolutionProperties) = preSolution
		HideSolutionNode = FALSE
	EndGlobalSection
	GlobalSection(ExtensibilityGlobals) = postSolution
		SolutionGuid = {B2335F8E-1546-45B0-A39D-B4E718C9566A}
	EndGlobalSection
EndGlobal
