
Microsoft Visual Studio Solution File, Format Version 12.00
# Visual Studio Version 16
VisualStudioVersion = 25.0.1706.13
MinimumVisualStudioVersion = 10.0.40219.1
Project("{FAE04EC0-301F-11D3-BF4B-00C04F79EFBC}") = "OrderEnum", "OrderEnum\OrderEnum.csproj", "{BF62B48B-F85D-4675-942F-E93B0D39390A}"
EndProject
Global
	GlobalSection(SolutionConfigurationPlatforms) = preSolution
		Debug|Any CPU = Debug|Any CPU
		Release|Any CPU = Release|Any CPU
	EndGlobalSection
	GlobalSection(ProjectConfigurationPlatforms) = postSolution
		{BF62B48B-F85D-4675-942F-E93B0D39390A}.Debug|Any CPU.ActiveCfg = Debug|Any CPU
		{BF62B48B-F85D-4675-942F-E93B0D39390A}.Debug|Any CPU.Build.0 = Debug|Any CPU
		{BF62B48B-F85D-4675-942F-E93B0D39390A}.Release|Any CPU.ActiveCfg = Release|Any CPU
		{BF62B48B-F85D-4675-942F-E93B0D39390A}.Release|Any CPU.Build.0 = Release|Any CPU
	EndGlobalSection
	GlobalSection(SolutionProperties) = preSolution
		HideSolutionNode = FALSE
	EndGlobalSection
	GlobalSection(ExtensibilityGlobals) = postSolution
		SolutionGuid = {0A832C72-11BC-49F1-BAD5-E14999C9B786}
	EndGlobalSection
EndGlobal
