
Microsoft Visual Studio Solution File, Format Version 12.00
# Visual Studio Version 16
VisualStudioVersion = 25.0.1706.13
MinimumVisualStudioVersion = 10.0.40219.1
Project("{FAE04EC0-301F-11D3-BF4B-00C04F79EFBC}") = "ExerciseEnum", "ExerciseEnum\ExerciseEnum.csproj", "{C4497CB1-85CA-46EF-971A-05C3C333A684}"
EndProject
Global
	GlobalSection(SolutionConfigurationPlatforms) = preSolution
		Debug|Any CPU = Debug|Any CPU
		Release|Any CPU = Release|Any CPU
	EndGlobalSection
	GlobalSection(ProjectConfigurationPlatforms) = postSolution
		{C4497CB1-85CA-46EF-971A-05C3C333A684}.Debug|Any CPU.ActiveCfg = Debug|Any CPU
		{C4497CB1-85CA-46EF-971A-05C3C333A684}.Debug|Any CPU.Build.0 = Debug|Any CPU
		{C4497CB1-85CA-46EF-971A-05C3C333A684}.Release|Any CPU.ActiveCfg = Release|Any CPU
		{C4497CB1-85CA-46EF-971A-05C3C333A684}.Release|Any CPU.Build.0 = Release|Any CPU
	EndGlobalSection
	GlobalSection(SolutionProperties) = preSolution
		HideSolutionNode = FALSE
	EndGlobalSection
	GlobalSection(ExtensibilityGlobals) = postSolution
		SolutionGuid = {75E5BDD6-508C-468C-AA45-D7D88B887C3D}
	EndGlobalSection
EndGlobal
