
Microsoft Visual Studio Solution File, Format Version 12.00
# Visual Studio Version 16
VisualStudioVersion = 25.0.1706.13
MinimumVisualStudioVersion = 10.0.40219.1
Project("{FAE04EC0-301F-11D3-BF4B-00C04F79EFBC}") = "Matrices", "Matrices\Matrices.csproj", "{26E49BC4-3F32-48F5-8501-CA9580AFA97A}"
EndProject
Global
	GlobalSection(SolutionConfigurationPlatforms) = preSolution
		Debug|Any CPU = Debug|Any CPU
		Release|Any CPU = Release|Any CPU
	EndGlobalSection
	GlobalSection(ProjectConfigurationPlatforms) = postSolution
		{26E49BC4-3F32-48F5-8501-CA9580AFA97A}.Debug|Any CPU.ActiveCfg = Debug|Any CPU
		{26E49BC4-3F32-48F5-8501-CA9580AFA97A}.Debug|Any CPU.Build.0 = Debug|Any CPU
		{26E49BC4-3F32-48F5-8501-CA9580AFA97A}.Release|Any CPU.ActiveCfg = Release|Any CPU
		{26E49BC4-3F32-48F5-8501-CA9580AFA97A}.Release|Any CPU.Build.0 = Release|Any CPU
	EndGlobalSection
	GlobalSection(SolutionProperties) = preSolution
		HideSolutionNode = FALSE
	EndGlobalSection
	GlobalSection(ExtensibilityGlobals) = postSolution
		SolutionGuid = {94BD5B5B-77AD-4B3B-ABFC-B09924487731}
	EndGlobalSection
EndGlobal
