
Microsoft Visual Studio Solution File, Format Version 12.00
# Visual Studio Version 16
VisualStudioVersion = 25.0.1706.13
MinimumVisualStudioVersion = 10.0.40219.1
Project("{FAE04EC0-301F-11D3-BF4B-00C04F79EFBC}") = "Employee", "Employee\Employee.csproj", "{0A5BC185-2F63-4FDB-9611-6064DA9C37FE}"
EndProject
Global
	GlobalSection(SolutionConfigurationPlatforms) = preSolution
		Debug|Any CPU = Debug|Any CPU
		Release|Any CPU = Release|Any CPU
	EndGlobalSection
	GlobalSection(ProjectConfigurationPlatforms) = postSolution
		{0A5BC185-2F63-4FDB-9611-6064DA9C37FE}.Debug|Any CPU.ActiveCfg = Debug|Any CPU
		{0A5BC185-2F63-4FDB-9611-6064DA9C37FE}.Debug|Any CPU.Build.0 = Debug|Any CPU
		{0A5BC185-2F63-4FDB-9611-6064DA9C37FE}.Release|Any CPU.ActiveCfg = Release|Any CPU
		{0A5BC185-2F63-4FDB-9611-6064DA9C37FE}.Release|Any CPU.Build.0 = Release|Any CPU
	EndGlobalSection
	GlobalSection(SolutionProperties) = preSolution
		HideSolutionNode = FALSE
	EndGlobalSection
	GlobalSection(ExtensibilityGlobals) = postSolution
		SolutionGuid = {098F506B-DF87-4180-A3E2-9544ED014F3F}
	EndGlobalSection
EndGlobal
