
Microsoft Visual Studio Solution File, Format Version 12.00
# Visual Studio Version 16
VisualStudioVersion = 25.0.1706.13
MinimumVisualStudioVersion = 10.0.40219.1
Project("{FAE04EC0-301F-11D3-BF4B-00C04F79EFBC}") = "Lists", "Lists\Lists.csproj", "{3F6DACC3-3F9F-4FE4-93F4-156350C8F3D2}"
EndProject
Global
	GlobalSection(SolutionConfigurationPlatforms) = preSolution
		Debug|Any CPU = Debug|Any CPU
		Release|Any CPU = Release|Any CPU
	EndGlobalSection
	GlobalSection(ProjectConfigurationPlatforms) = postSolution
		{3F6DACC3-3F9F-4FE4-93F4-156350C8F3D2}.Debug|Any CPU.ActiveCfg = Debug|Any CPU
		{3F6DACC3-3F9F-4FE4-93F4-156350C8F3D2}.Debug|Any CPU.Build.0 = Debug|Any CPU
		{3F6DACC3-3F9F-4FE4-93F4-156350C8F3D2}.Release|Any CPU.ActiveCfg = Release|Any CPU
		{3F6DACC3-3F9F-4FE4-93F4-156350C8F3D2}.Release|Any CPU.Build.0 = Release|Any CPU
	EndGlobalSection
	GlobalSection(SolutionProperties) = preSolution
		HideSolutionNode = FALSE
	EndGlobalSection
	GlobalSection(ExtensibilityGlobals) = postSolution
		SolutionGuid = {78C3238E-76D4-4810-B475-35C6601D2FF3}
	EndGlobalSection
EndGlobal
